
Microsoft Visual Studio Solution File, Format Version 12.00
# Visual Studio Version 17
VisualStudioVersion = 17.2.32602.215
MinimumVisualStudioVersion = 10.0.40219.1
Project("{FAE04EC0-301F-11D3-BF4B-00C04F79EFBC}") = "AzmoonGir", "AzmoonGir\AzmoonGir.csproj", "{C13858CE-77A3-4482-963B-B2A334879A15}"
EndProject
Global
	GlobalSection(SolutionConfigurationPlatforms) = preSolution
		Debug|Any CPU = Debug|Any CPU
		Release|Any CPU = Release|Any CPU
	EndGlobalSection
	GlobalSection(ProjectConfigurationPlatforms) = postSolution
		{C13858CE-77A3-4482-963B-B2A334879A15}.Debug|Any CPU.ActiveCfg = Debug|Any CPU
		{C13858CE-77A3-4482-963B-B2A334879A15}.Debug|Any CPU.Build.0 = Debug|Any CPU
		{C13858CE-77A3-4482-963B-B2A334879A15}.Release|Any CPU.ActiveCfg = Release|Any CPU
		{C13858CE-77A3-4482-963B-B2A334879A15}.Release|Any CPU.Build.0 = Release|Any CPU
	EndGlobalSection
	GlobalSection(SolutionProperties) = preSolution
		HideSolutionNode = FALSE
	EndGlobalSection
	GlobalSection(ExtensibilityGlobals) = postSolution
		SolutionGuid = {2200946C-4624-4003-91BA-06114C08DDE4}
	EndGlobalSection
EndGlobal
